
Microsoft Visual Studio Solution File, Format Version 12.00
# Visual Studio Version 17
VisualStudioVersion = 17.10.35027.167
MinimumVisualStudioVersion = 10.0.40219.1
Project("{9A19103F-16F7-4668-BE54-9A1E7A4F7556}") = "AccountOwnerServer", "AccountOwnerServer\AccountOwnerServer.csproj", "{E4A03CA6-A848-4CD7-B77E-3BE37EC77619}"
EndProject
Project("{9A19103F-16F7-4668-BE54-9A1E7A4F7556}") = "Contracts", "Contracts\Contracts.csproj", "{C3282D04-7CDE-4686-A586-2C306C8D8566}"
EndProject
Project("{9A19103F-16F7-4668-BE54-9A1E7A4F7556}") = "LoggerService", "LoggerService\LoggerService.csproj", "{DD982775-9AE6-49DE-9E21-B2ACBFB72217}"
EndProject
Project("{9A19103F-16F7-4668-BE54-9A1E7A4F7556}") = "Entities", "Entities\Entities.csproj", "{76644266-33A3-41B9-A573-FCE696D9CF96}"
EndProject
Project("{FAE04EC0-301F-11D3-BF4B-00C04F79EFBC}") = "Repository", "Repository\Repository.csproj", "{CE3E8CF9-979A-435D-8205-DE0CF13EEB07}"
EndProject
Global
	GlobalSection(SolutionConfigurationPlatforms) = preSolution
		Debug|Any CPU = Debug|Any CPU
		Release|Any CPU = Release|Any CPU
	EndGlobalSection
	GlobalSection(ProjectConfigurationPlatforms) = postSolution
		{E4A03CA6-A848-4CD7-B77E-3BE37EC77619}.Debug|Any CPU.ActiveCfg = Debug|Any CPU
		{E4A03CA6-A848-4CD7-B77E-3BE37EC77619}.Debug|Any CPU.Build.0 = Debug|Any CPU
		{E4A03CA6-A848-4CD7-B77E-3BE37EC77619}.Release|Any CPU.ActiveCfg = Release|Any CPU
		{E4A03CA6-A848-4CD7-B77E-3BE37EC77619}.Release|Any CPU.Build.0 = Release|Any CPU
		{C3282D04-7CDE-4686-A586-2C306C8D8566}.Debug|Any CPU.ActiveCfg = Debug|Any CPU
		{C3282D04-7CDE-4686-A586-2C306C8D8566}.Debug|Any CPU.Build.0 = Debug|Any CPU
		{C3282D04-7CDE-4686-A586-2C306C8D8566}.Release|Any CPU.ActiveCfg = Release|Any CPU
		{C3282D04-7CDE-4686-A586-2C306C8D8566}.Release|Any CPU.Build.0 = Release|Any CPU
		{DD982775-9AE6-49DE-9E21-B2ACBFB72217}.Debug|Any CPU.ActiveCfg = Debug|Any CPU
		{DD982775-9AE6-49DE-9E21-B2ACBFB72217}.Debug|Any CPU.Build.0 = Debug|Any CPU
		{DD982775-9AE6-49DE-9E21-B2ACBFB72217}.Release|Any CPU.ActiveCfg = Release|Any CPU
		{DD982775-9AE6-49DE-9E21-B2ACBFB72217}.Release|Any CPU.Build.0 = Release|Any CPU
		{76644266-33A3-41B9-A573-FCE696D9CF96}.Debug|Any CPU.ActiveCfg = Debug|Any CPU
		{76644266-33A3-41B9-A573-FCE696D9CF96}.Debug|Any CPU.Build.0 = Debug|Any CPU
		{76644266-33A3-41B9-A573-FCE696D9CF96}.Release|Any CPU.ActiveCfg = Release|Any CPU
		{76644266-33A3-41B9-A573-FCE696D9CF96}.Release|Any CPU.Build.0 = Release|Any CPU
		{CE3E8CF9-979A-435D-8205-DE0CF13EEB07}.Debug|Any CPU.ActiveCfg = Debug|Any CPU
		{CE3E8CF9-979A-435D-8205-DE0CF13EEB07}.Debug|Any CPU.Build.0 = Debug|Any CPU
		{CE3E8CF9-979A-435D-8205-DE0CF13EEB07}.Release|Any CPU.ActiveCfg = Release|Any CPU
		{CE3E8CF9-979A-435D-8205-DE0CF13EEB07}.Release|Any CPU.Build.0 = Release|Any CPU
	EndGlobalSection
	GlobalSection(SolutionProperties) = preSolution
		HideSolutionNode = FALSE
	EndGlobalSection
	GlobalSection(ExtensibilityGlobals) = postSolution
		SolutionGuid = {947F7F48-A590-4A78-8C73-DFF0CB6F4A79}
	EndGlobalSection
EndGlobal
